
Microsoft Visual Studio Solution File, Format Version 12.00
# Visual Studio Version 16
VisualStudioVersion = 16.0.30413.136
MinimumVisualStudioVersion = 10.0.40219.1
Project("{FAE04EC0-301F-11D3-BF4B-00C04F79EFBC}") = "webApiTest", "webApiTest.csproj", "{5FE3B7E9-1A64-4DC0-9B0D-B41199446E44}"
EndProject
Global
	GlobalSection(SolutionConfigurationPlatforms) = preSolution
		Debug|Any CPU = Debug|Any CPU
		Release|Any CPU = Release|Any CPU
	EndGlobalSection
	GlobalSection(ProjectConfigurationPlatforms) = postSolution
		{5FE3B7E9-1A64-4DC0-9B0D-B41199446E44}.Debug|Any CPU.ActiveCfg = Debug|Any CPU
		{5FE3B7E9-1A64-4DC0-9B0D-B41199446E44}.Debug|Any CPU.Build.0 = Debug|Any CPU
		{5FE3B7E9-1A64-4DC0-9B0D-B41199446E44}.Release|Any CPU.ActiveCfg = Release|Any CPU
		{5FE3B7E9-1A64-4DC0-9B0D-B41199446E44}.Release|Any CPU.Build.0 = Release|Any CPU
	EndGlobalSection
	GlobalSection(SolutionProperties) = preSolution
		HideSolutionNode = FALSE
	EndGlobalSection
	GlobalSection(ExtensibilityGlobals) = postSolution
		SolutionGuid = {01A54584-2082-48F8-99C4-0C26379E0485}
	EndGlobalSection
EndGlobal
